
Microsoft Visual Studio Solution File, Format Version 11.00
# Visual Studio 2010
# SharpDevelop 4.4
Project("{FD48973F-F585-4F70-812B-4D0503B36CE9}") = "Prog162a", "Prog162a\Prog162a.pyproj", "{D08737AD-4B61-4E9C-8400-9D749C9BA108}"
EndProject
Global
	GlobalSection(SolutionConfigurationPlatforms) = preSolution
		Debug|Any CPU = Debug|Any CPU
		Release|Any CPU = Release|Any CPU
	EndGlobalSection
	GlobalSection(ProjectConfigurationPlatforms) = postSolution
		{D08737AD-4B61-4E9C-8400-9D749C9BA108}.Debug|Any CPU.Build.0 = Debug|Any CPU
		{D08737AD-4B61-4E9C-8400-9D749C9BA108}.Debug|Any CPU.ActiveCfg = Debug|Any CPU
		{D08737AD-4B61-4E9C-8400-9D749C9BA108}.Release|Any CPU.Build.0 = Release|Any CPU
		{D08737AD-4B61-4E9C-8400-9D749C9BA108}.Release|Any CPU.ActiveCfg = Release|Any CPU
	EndGlobalSection
EndGlobal
