
Microsoft Visual Studio Solution File, Format Version 11.00
# Visual Studio 2010
# SharpDevelop 4.4
Project("{FD48973F-F585-4F70-812B-4D0503B36CE9}") = "Name GUI", "Name GUI\Name GUI.pyproj", "{4746D072-0F52-4D93-A4CE-09595192ABEE}"
EndProject
Global
	GlobalSection(SolutionConfigurationPlatforms) = preSolution
		Debug|Any CPU = Debug|Any CPU
		Release|Any CPU = Release|Any CPU
	EndGlobalSection
	GlobalSection(ProjectConfigurationPlatforms) = postSolution
		{4746D072-0F52-4D93-A4CE-09595192ABEE}.Debug|Any CPU.Build.0 = Debug|Any CPU
		{4746D072-0F52-4D93-A4CE-09595192ABEE}.Debug|Any CPU.ActiveCfg = Debug|Any CPU
		{4746D072-0F52-4D93-A4CE-09595192ABEE}.Release|Any CPU.Build.0 = Release|Any CPU
		{4746D072-0F52-4D93-A4CE-09595192ABEE}.Release|Any CPU.ActiveCfg = Release|Any CPU
	EndGlobalSection
EndGlobal
