
Microsoft Visual Studio Solution File, Format Version 11.00
# Visual Studio 2010
# SharpDevelop 4.4
Project("{FD48973F-F585-4F70-812B-4D0503B36CE9}") = "Program54a", "Program54a\Program54a.pyproj", "{551B6C11-E72A-4C00-9119-3BD6CB42D588}"
EndProject
Global
	GlobalSection(SolutionConfigurationPlatforms) = preSolution
		Debug|Any CPU = Debug|Any CPU
		Release|Any CPU = Release|Any CPU
	EndGlobalSection
	GlobalSection(ProjectConfigurationPlatforms) = postSolution
		{551B6C11-E72A-4C00-9119-3BD6CB42D588}.Debug|Any CPU.Build.0 = Debug|Any CPU
		{551B6C11-E72A-4C00-9119-3BD6CB42D588}.Debug|Any CPU.ActiveCfg = Debug|Any CPU
		{551B6C11-E72A-4C00-9119-3BD6CB42D588}.Release|Any CPU.Build.0 = Release|Any CPU
		{551B6C11-E72A-4C00-9119-3BD6CB42D588}.Release|Any CPU.ActiveCfg = Release|Any CPU
	EndGlobalSection
EndGlobal
