
Microsoft Visual Studio Solution File, Format Version 11.00
# Visual Studio 2010
# SharpDevelop 4.4
Project("{FD48973F-F585-4F70-812B-4D0503B36CE9}") = "Prog 152b", "Prog 152b\Prog 152b.pyproj", "{A6B29779-512F-408A-8C24-B0131AE4CDE6}"
EndProject
Global
	GlobalSection(SolutionConfigurationPlatforms) = preSolution
		Debug|Any CPU = Debug|Any CPU
		Release|Any CPU = Release|Any CPU
	EndGlobalSection
	GlobalSection(ProjectConfigurationPlatforms) = postSolution
		{A6B29779-512F-408A-8C24-B0131AE4CDE6}.Debug|Any CPU.Build.0 = Debug|Any CPU
		{A6B29779-512F-408A-8C24-B0131AE4CDE6}.Debug|Any CPU.ActiveCfg = Debug|Any CPU
		{A6B29779-512F-408A-8C24-B0131AE4CDE6}.Release|Any CPU.Build.0 = Release|Any CPU
		{A6B29779-512F-408A-8C24-B0131AE4CDE6}.Release|Any CPU.ActiveCfg = Release|Any CPU
	EndGlobalSection
EndGlobal
