
Microsoft Visual Studio Solution File, Format Version 11.00
# Visual Studio 2010
# SharpDevelop 4.4
Project("{FD48973F-F585-4F70-812B-4D0503B36CE9}") = "Screen Stuff", "Screen Stuff\Screen Stuff.pyproj", "{C0E225B1-C6DF-4430-9B8B-886617BCC84A}"
EndProject
Global
	GlobalSection(SolutionConfigurationPlatforms) = preSolution
		Debug|Any CPU = Debug|Any CPU
		Release|Any CPU = Release|Any CPU
	EndGlobalSection
	GlobalSection(ProjectConfigurationPlatforms) = postSolution
		{C0E225B1-C6DF-4430-9B8B-886617BCC84A}.Debug|Any CPU.Build.0 = Debug|Any CPU
		{C0E225B1-C6DF-4430-9B8B-886617BCC84A}.Debug|Any CPU.ActiveCfg = Debug|Any CPU
		{C0E225B1-C6DF-4430-9B8B-886617BCC84A}.Release|Any CPU.Build.0 = Release|Any CPU
		{C0E225B1-C6DF-4430-9B8B-886617BCC84A}.Release|Any CPU.ActiveCfg = Release|Any CPU
	EndGlobalSection
EndGlobal
