
Microsoft Visual Studio Solution File, Format Version 11.00
# Visual Studio 2010
# SharpDevelop 4.4
Project("{FD48973F-F585-4F70-812B-4D0503B36CE9}") = "Prog122c", "Prog122c\Prog122c.pyproj", "{269CC6A5-97E0-456E-B43E-3CA2FAA9FFF0}"
EndProject
Global
	GlobalSection(SolutionConfigurationPlatforms) = preSolution
		Debug|Any CPU = Debug|Any CPU
		Release|Any CPU = Release|Any CPU
	EndGlobalSection
	GlobalSection(ProjectConfigurationPlatforms) = postSolution
		{269CC6A5-97E0-456E-B43E-3CA2FAA9FFF0}.Debug|Any CPU.Build.0 = Debug|Any CPU
		{269CC6A5-97E0-456E-B43E-3CA2FAA9FFF0}.Debug|Any CPU.ActiveCfg = Debug|Any CPU
		{269CC6A5-97E0-456E-B43E-3CA2FAA9FFF0}.Release|Any CPU.Build.0 = Release|Any CPU
		{269CC6A5-97E0-456E-B43E-3CA2FAA9FFF0}.Release|Any CPU.ActiveCfg = Release|Any CPU
	EndGlobalSection
EndGlobal
