
Microsoft Visual Studio Solution File, Format Version 11.00
# Visual Studio 2010
# SharpDevelop 4.4
Project("{FD48973F-F585-4F70-812B-4D0503B36CE9}") = "Prog65H", "Prog65H\Prog65H.pyproj", "{18911E96-D263-42FD-8653-1204D8803C23}"
EndProject
Global
	GlobalSection(SolutionConfigurationPlatforms) = preSolution
		Debug|Any CPU = Debug|Any CPU
		Release|Any CPU = Release|Any CPU
	EndGlobalSection
	GlobalSection(ProjectConfigurationPlatforms) = postSolution
		{18911E96-D263-42FD-8653-1204D8803C23}.Debug|Any CPU.Build.0 = Debug|Any CPU
		{18911E96-D263-42FD-8653-1204D8803C23}.Debug|Any CPU.ActiveCfg = Debug|Any CPU
		{18911E96-D263-42FD-8653-1204D8803C23}.Release|Any CPU.Build.0 = Release|Any CPU
		{18911E96-D263-42FD-8653-1204D8803C23}.Release|Any CPU.ActiveCfg = Release|Any CPU
	EndGlobalSection
EndGlobal
