
Microsoft Visual Studio Solution File, Format Version 11.00
# Visual Studio 2010
# SharpDevelop 4.4
Project("{FD48973F-F585-4F70-812B-4D0503B36CE9}") = "ME", "ME\ME.pyproj", "{231453B1-89E0-42F2-A8E2-E9A699A40144}"
EndProject
Global
	GlobalSection(SolutionConfigurationPlatforms) = preSolution
		Debug|Any CPU = Debug|Any CPU
		Release|Any CPU = Release|Any CPU
	EndGlobalSection
	GlobalSection(ProjectConfigurationPlatforms) = postSolution
		{231453B1-89E0-42F2-A8E2-E9A699A40144}.Debug|Any CPU.Build.0 = Debug|Any CPU
		{231453B1-89E0-42F2-A8E2-E9A699A40144}.Debug|Any CPU.ActiveCfg = Debug|Any CPU
		{231453B1-89E0-42F2-A8E2-E9A699A40144}.Release|Any CPU.Build.0 = Release|Any CPU
		{231453B1-89E0-42F2-A8E2-E9A699A40144}.Release|Any CPU.ActiveCfg = Release|Any CPU
	EndGlobalSection
EndGlobal
